// !$*UTF8*$!
{
	archiveVersion = 1;
	classes = {
	};
	objectVersion = 50;
	objects = {

/* Begin PBXBuildFile section */
		69E278832326E9A2004A5A77 /* AppDelegate.swift in Sources */ = {isa = PBXBuildFile; fileRef = 69E278822326E9A2004A5A77 /* AppDelegate.swift */; };
		69E278852326E9A2004A5A77 /* DetailViewController.swift in Sources */ = {isa = PBXBuildFile; fileRef = 69E278842326E9A2004A5A77 /* DetailViewController.swift */; };
		69E278882326E9A2004A5A77 /* Main.storyboard in Resources */ = {isa = PBXBuildFile; fileRef = 69E278862326E9A2004A5A77 /* Main.storyboard */; };
		69E2788A2326E9A3004A5A77 /* Assets.xcassets in Resources */ = {isa = PBXBuildFile; fileRef = 69E278892326E9A3004A5A77 /* Assets.xcassets */; };
		69E2788D2326E9A3004A5A77 /* LaunchScreen.storyboard in Resources */ = {isa = PBXBuildFile; fileRef = 69E2788B2326E9A3004A5A77 /* LaunchScreen.storyboard */; };
		69E278982326E9A3004A5A77 /* songLab2Tests.swift in Sources */ = {isa = PBXBuildFile; fileRef = 69E278972326E9A3004A5A77 /* songLab2Tests.swift */; };
		69E278A32326E9A3004A5A77 /* songLab2UITests.swift in Sources */ = {isa = PBXBuildFile; fileRef = 69E278A22326E9A3004A5A77 /* songLab2UITests.swift */; };
		69E278B12326E9B2004A5A77 /* modelSong.swift in Sources */ = {isa = PBXBuildFile; fileRef = 69E278B02326E9B2004A5A77 /* modelSong.swift */; };
		69E278B62326EBDF004A5A77 /* NetWorkManager.swift in Sources */ = {isa = PBXBuildFile; fileRef = 69E278B32326EBDF004A5A77 /* NetWorkManager.swift */; };
		69E278B72326EBDF004A5A77 /* ErrorHandler.swift in Sources */ = {isa = PBXBuildFile; fileRef = 69E278B42326EBDF004A5A77 /* ErrorHandler.swift */; };
		69E278B82326EBDF004A5A77 /* ImageHelper.swift in Sources */ = {isa = PBXBuildFile; fileRef = 69E278B52326EBDF004A5A77 /* ImageHelper.swift */; };
		69E278BA2326ECEF004A5A77 /* lyricsmodel.swift in Sources */ = {isa = PBXBuildFile; fileRef = 69E278B92326ECEF004A5A77 /* lyricsmodel.swift */; };
		69E278BC2326EE84004A5A77 /* artistAPIHelper.swift in Sources */ = {isa = PBXBuildFile; fileRef = 69E278BB2326EE84004A5A77 /* artistAPIHelper.swift */; };
		69E278BE2326F1D5004A5A77 /* lyricsAPIHelper.swift in Sources */ = {isa = PBXBuildFile; fileRef = 69E278BD2326F1D5004A5A77 /* lyricsAPIHelper.swift */; };
		69E278C02326F2F2004A5A77 /* ArtistViewController.swift in Sources */ = {isa = PBXBuildFile; fileRef = 69E278BF2326F2F2004A5A77 /* ArtistViewController.swift */; };
/* End PBXBuildFile section */

/* Begin PBXContainerItemProxy section */
		69E278942326E9A3004A5A77 /* PBXContainerItemProxy */ = {
			isa = PBXContainerItemProxy;
			containerPortal = 69E278772326E9A2004A5A77 /* Project object */;
			proxyType = 1;
			remoteGlobalIDString = 69E2787E2326E9A2004A5A77;
			remoteInfo = songLab2;
		};
		69E2789F2326E9A3004A5A77 /* PBXContainerItemProxy */ = {
			isa = PBXContainerItemProxy;
			containerPortal = 69E278772326E9A2004A5A77 /* Project object */;
			proxyType = 1;
			remoteGlobalIDString = 69E2787E2326E9A2004A5A77;
			remoteInfo = songLab2;
		};
/* End PBXContainerItemProxy section */

/* Begin PBXFileReference section */
		69E2787F2326E9A2004A5A77 /* songLab2.app */ = {isa = PBXFileReference; explicitFileType = wrapper.application; includeInIndex = 0; path = songLab2.app; sourceTree = BUILT_PRODUCTS_DIR; };
		69E278822326E9A2004A5A77 /* AppDelegate.swift */ = {isa = PBXFileReference; lastKnownFileType = sourcecode.swift; path = AppDelegate.swift; sourceTree = "<group>"; };
		69E278842326E9A2004A5A77 /* DetailViewController.swift */ = {isa = PBXFileReference; lastKnownFileType = sourcecode.swift; path = DetailViewController.swift; sourceTree = "<group>"; };
		69E278872326E9A2004A5A77 /* Base */ = {isa = PBXFileReference; lastKnownFileType = file.storyboard; name = Base; path = Base.lproj/Main.storyboard; sourceTree = "<group>"; };
		69E278892326E9A3004A5A77 /* Assets.xcassets */ = {isa = PBXFileReference; lastKnownFileType = folder.assetcatalog; path = Assets.xcassets; sourceTree = "<group>"; };
		69E2788C2326E9A3004A5A77 /* Base */ = {isa = PBXFileReference; lastKnownFileType = file.storyboard; name = Base; path = Base.lproj/LaunchScreen.storyboard; sourceTree = "<group>"; };
		69E2788E2326E9A3004A5A77 /* Info.plist */ = {isa = PBXFileReference; lastKnownFileType = text.plist.xml; path = Info.plist; sourceTree = "<group>"; };
		69E278932326E9A3004A5A77 /* songLab2Tests.xctest */ = {isa = PBXFileReference; explicitFileType = wrapper.cfbundle; includeInIndex = 0; path = songLab2Tests.xctest; sourceTree = BUILT_PRODUCTS_DIR; };
		69E278972326E9A3004A5A77 /* songLab2Tests.swift */ = {isa = PBXFileReference; lastKnownFileType = sourcecode.swift; path = songLab2Tests.swift; sourceTree = "<group>"; };
		69E278992326E9A3004A5A77 /* Info.plist */ = {isa = PBXFileReference; lastKnownFileType = text.plist.xml; path = Info.plist; sourceTree = "<group>"; };
		69E2789E2326E9A3004A5A77 /* songLab2UITests.xctest */ = {isa = PBXFileReference; explicitFileType = wrapper.cfbundle; includeInIndex = 0; path = songLab2UITests.xctest; sourceTree = BUILT_PRODUCTS_DIR; };
		69E278A22326E9A3004A5A77 /* songLab2UITests.swift */ = {isa = PBXFileReference; lastKnownFileType = sourcecode.swift; path = songLab2UITests.swift; sourceTree = "<group>"; };
		69E278A42326E9A3004A5A77 /* Info.plist */ = {isa = PBXFileReference; lastKnownFileType = text.plist.xml; path = Info.plist; sourceTree = "<group>"; };
		69E278B02326E9B2004A5A77 /* modelSong.swift */ = {isa = PBXFileReference; lastKnownFileType = sourcecode.swift; path = modelSong.swift; sourceTree = "<group>"; };
		69E278B32326EBDF004A5A77 /* NetWorkManager.swift */ = {isa = PBXFileReference; fileEncoding = 4; lastKnownFileType = sourcecode.swift; path = NetWorkManager.swift; sourceTree = "<group>"; };
		69E278B42326EBDF004A5A77 /* ErrorHandler.swift */ = {isa = PBXFileReference; fileEncoding = 4; lastKnownFileType = sourcecode.swift; path = ErrorHandler.swift; sourceTree = "<group>"; };
		69E278B52326EBDF004A5A77 /* ImageHelper.swift */ = {isa = PBXFileReference; fileEncoding = 4; lastKnownFileType = sourcecode.swift; path = ImageHelper.swift; sourceTree = "<group>"; };
		69E278B92326ECEF004A5A77 /* lyricsmodel.swift */ = {isa = PBXFileReference; lastKnownFileType = sourcecode.swift; path = lyricsmodel.swift; sourceTree = "<group>"; };
		69E278BB2326EE84004A5A77 /* artistAPIHelper.swift */ = {isa = PBXFileReference; lastKnownFileType = sourcecode.swift; path = artistAPIHelper.swift; sourceTree = "<group>"; };
		69E278BD2326F1D5004A5A77 /* lyricsAPIHelper.swift */ = {isa = PBXFileReference; lastKnownFileType = sourcecode.swift; path = lyricsAPIHelper.swift; sourceTree = "<group>"; };
		69E278BF2326F2F2004A5A77 /* ArtistViewController.swift */ = {isa = PBXFileReference; lastKnownFileType = sourcecode.swift; path = ArtistViewController.swift; sourceTree = "<group>"; };
/* End PBXFileReference section */

/* Begin PBXFrameworksBuildPhase section */
		69E2787C2326E9A2004A5A77 /* Frameworks */ = {
			isa = PBXFrameworksBuildPhase;
			buildActionMask = 2147483647;
			files = (
			);
			runOnlyForDeploymentPostprocessing = 0;
		};
		69E278902326E9A3004A5A77 /* Frameworks */ = {
			isa = PBXFrameworksBuildPhase;
			buildActionMask = 2147483647;
			files = (
			);
			runOnlyForDeploymentPostprocessing = 0;
		};
		69E2789B2326E9A3004A5A77 /* Frameworks */ = {
			isa = PBXFrameworksBuildPhase;
			buildActionMask = 2147483647;
			files = (
			);
			runOnlyForDeploymentPostprocessing = 0;
		};
/* End PBXFrameworksBuildPhase section */

/* Begin PBXGroup section */
		69E278762326E9A2004A5A77 = {
			isa = PBXGroup;
			children = (
				69E278812326E9A2004A5A77 /* songLab2 */,
				69E278962326E9A3004A5A77 /* songLab2Tests */,
				69E278A12326E9A3004A5A77 /* songLab2UITests */,
				69E278802326E9A2004A5A77 /* Products */,
			);
			sourceTree = "<group>";
		};
		69E278802326E9A2004A5A77 /* Products */ = {
			isa = PBXGroup;
			children = (
				69E2787F2326E9A2004A5A77 /* songLab2.app */,
				69E278932326E9A3004A5A77 /* songLab2Tests.xctest */,
				69E2789E2326E9A3004A5A77 /* songLab2UITests.xctest */,
			);
			name = Products;
			sourceTree = "<group>";
		};
		69E278812326E9A2004A5A77 /* songLab2 */ = {
			isa = PBXGroup;
			children = (
				69E278B22326EBDF004A5A77 /* HelperFolder */,
				69E278822326E9A2004A5A77 /* AppDelegate.swift */,
				69E278842326E9A2004A5A77 /* DetailViewController.swift */,
				69E278862326E9A2004A5A77 /* Main.storyboard */,
				69E278892326E9A3004A5A77 /* Assets.xcassets */,
				69E2788B2326E9A3004A5A77 /* LaunchScreen.storyboard */,
				69E2788E2326E9A3004A5A77 /* Info.plist */,
				69E278B02326E9B2004A5A77 /* modelSong.swift */,
				69E278B92326ECEF004A5A77 /* lyricsmodel.swift */,
				69E278BB2326EE84004A5A77 /* artistAPIHelper.swift */,
				69E278BD2326F1D5004A5A77 /* lyricsAPIHelper.swift */,
				69E278BF2326F2F2004A5A77 /* ArtistViewController.swift */,
			);
			path = songLab2;
			sourceTree = "<group>";
		};
		69E278962326E9A3004A5A77 /* songLab2Tests */ = {
			isa = PBXGroup;
			children = (
				69E278972326E9A3004A5A77 /* songLab2Tests.swift */,
				69E278992326E9A3004A5A77 /* Info.plist */,
			);
			path = songLab2Tests;
			sourceTree = "<group>";
		};
		69E278A12326E9A3004A5A77 /* songLab2UITests */ = {
			isa = PBXGroup;
			children = (
				69E278A22326E9A3004A5A77 /* songLab2UITests.swift */,
				69E278A42326E9A3004A5A77 /* Info.plist */,
			);
			path = songLab2UITests;
			sourceTree = "<group>";
		};
		69E278B22326EBDF004A5A77 /* HelperFolder */ = {
			isa = PBXGroup;
			children = (
				69E278B32326EBDF004A5A77 /* NetWorkManager.swift */,
				69E278B42326EBDF004A5A77 /* ErrorHandler.swift */,
				69E278B52326EBDF004A5A77 /* ImageHelper.swift */,
			);
			path = HelperFolder;
			sourceTree = "<group>";
		};
/* End PBXGroup section */

/* Begin PBXNativeTarget section */
		69E2787E2326E9A2004A5A77 /* songLab2 */ = {
			isa = PBXNativeTarget;
			buildConfigurationList = 69E278A72326E9A3004A5A77 /* Build configuration list for PBXNativeTarget "songLab2" */;
			buildPhases = (
				69E2787B2326E9A2004A5A77 /* Sources */,
				69E2787C2326E9A2004A5A77 /* Frameworks */,
				69E2787D2326E9A2004A5A77 /* Resources */,
			);
			buildRules = (
			);
			dependencies = (
			);
			name = songLab2;
			productName = songLab2;
			productReference = 69E2787F2326E9A2004A5A77 /* songLab2.app */;
			productType = "com.apple.product-type.application";
		};
		69E278922326E9A3004A5A77 /* songLab2Tests */ = {
			isa = PBXNativeTarget;
			buildConfigurationList = 69E278AA2326E9A3004A5A77 /* Build configuration list for PBXNativeTarget "songLab2Tests" */;
			buildPhases = (
				69E2788F2326E9A3004A5A77 /* Sources */,
				69E278902326E9A3004A5A77 /* Frameworks */,
				69E278912326E9A3004A5A77 /* Resources */,
			);
			buildRules = (
			);
			dependencies = (
				69E278952326E9A3004A5A77 /* PBXTargetDependency */,
			);
			name = songLab2Tests;
			productName = songLab2Tests;
			productReference = 69E278932326E9A3004A5A77 /* songLab2Tests.xctest */;
			productType = "com.apple.product-type.bundle.unit-test";
		};
		69E2789D2326E9A3004A5A77 /* songLab2UITests */ = {
			isa = PBXNativeTarget;
			buildConfigurationList = 69E278AD2326E9A3004A5A77 /* Build configuration list for PBXNativeTarget "songLab2UITests" */;
			buildPhases = (
				69E2789A2326E9A3004A5A77 /* Sources */,
				69E2789B2326E9A3004A5A77 /* Frameworks */,
				69E2789C2326E9A3004A5A77 /* Resources */,
			);
			buildRules = (
			);
			dependencies = (
				69E278A02326E9A3004A5A77 /* PBXTargetDependency */,
			);
			name = songLab2UITests;
			productName = songLab2UITests;
			productReference = 69E2789E2326E9A3004A5A77 /* songLab2UITests.xctest */;
			productType = "com.apple.product-type.bundle.ui-testing";
		};
/* End PBXNativeTarget section */

/* Begin PBXProject section */
		69E278772326E9A2004A5A77 /* Project object */ = {
			isa = PBXProject;
			attributes = {
				LastSwiftUpdateCheck = 1020;
				LastUpgradeCheck = 1020;
				ORGANIZATIONNAME = "Phoenix McKnight";
				TargetAttributes = {
					69E2787E2326E9A2004A5A77 = {
						CreatedOnToolsVersion = 10.2.1;
					};
					69E278922326E9A3004A5A77 = {
						CreatedOnToolsVersion = 10.2.1;
						TestTargetID = 69E2787E2326E9A2004A5A77;
					};
					69E2789D2326E9A3004A5A77 = {
						CreatedOnToolsVersion = 10.2.1;
						TestTargetID = 69E2787E2326E9A2004A5A77;
					};
				};
			};
			buildConfigurationList = 69E2787A2326E9A2004A5A77 /* Build configuration list for PBXProject "songLab2" */;
			compatibilityVersion = "Xcode 9.3";
			developmentRegion = en;
			hasScannedForEncodings = 0;
			knownRegions = (
				en,
				Base,
			);
			mainGroup = 69E278762326E9A2004A5A77;
			productRefGroup = 69E278802326E9A2004A5A77 /* Products */;
			projectDirPath = "";
			projectRoot = "";
			targets = (
				69E2787E2326E9A2004A5A77 /* songLab2 */,
				69E278922326E9A3004A5A77 /* songLab2Tests */,
				69E2789D2326E9A3004A5A77 /* songLab2UITests */,
			);
		};
/* End PBXProject section */

/* Begin PBXResourcesBuildPhase section */
		69E2787D2326E9A2004A5A77 /* Resources */ = {
			isa = PBXResourcesBuildPhase;
			buildActionMask = 2147483647;
			files = (
				69E2788D2326E9A3004A5A77 /* LaunchScreen.storyboard in Resources */,
				69E2788A2326E9A3004A5A77 /* Assets.xcassets in Resources */,
				69E278882326E9A2004A5A77 /* Main.storyboard in Resources */,
			);
			runOnlyForDeploymentPostprocessing = 0;
		};
		69E278912326E9A3004A5A77 /* Resources */ = {
			isa = PBXResourcesBuildPhase;
			buildActionMask = 2147483647;
			files = (
			);
			runOnlyForDeploymentPostprocessing = 0;
		};
		69E2789C2326E9A3004A5A77 /* Resources */ = {
			isa = PBXResourcesBuildPhase;
			buildActionMask = 2147483647;
			files = (
			);
			runOnlyForDeploymentPostprocessing = 0;
		};
/* End PBXResourcesBuildPhase section */

/* Begin PBXSourcesBuildPhase section */
		69E2787B2326E9A2004A5A77 /* Sources */ = {
			isa = PBXSourcesBuildPhase;
			buildActionMask = 2147483647;
			files = (
				69E278B62326EBDF004A5A77 /* NetWorkManager.swift in Sources */,
				69E278BC2326EE84004A5A77 /* artistAPIHelper.swift in Sources */,
				69E278B12326E9B2004A5A77 /* modelSong.swift in Sources */,
				69E278B72326EBDF004A5A77 /* ErrorHandler.swift in Sources */,
				69E278BE2326F1D5004A5A77 /* lyricsAPIHelper.swift in Sources */,
				69E278BA2326ECEF004A5A77 /* lyricsmodel.swift in Sources */,
				69E278852326E9A2004A5A77 /* DetailViewController.swift in Sources */,
				69E278832326E9A2004A5A77 /* AppDelegate.swift in Sources */,
				69E278B82326EBDF004A5A77 /* ImageHelper.swift in Sources */,
				69E278C02326F2F2004A5A77 /* ArtistViewController.swift in Sources */,
			);
			runOnlyForDeploymentPostprocessing = 0;
		};
		69E2788F2326E9A3004A5A77 /* Sources */ = {
			isa = PBXSourcesBuildPhase;
			buildActionMask = 2147483647;
			files = (
				69E278982326E9A3004A5A77 /* songLab2Tests.swift in Sources */,
			);
			runOnlyForDeploymentPostprocessing = 0;
		};
		69E2789A2326E9A3004A5A77 /* Sources */ = {
			isa = PBXSourcesBuildPhase;
			buildActionMask = 2147483647;
			files = (
				69E278A32326E9A3004A5A77 /* songLab2UITests.swift in Sources */,
			);
			runOnlyForDeploymentPostprocessing = 0;
		};
/* End PBXSourcesBuildPhase section */

/* Begin PBXTargetDependency section */
		69E278952326E9A3004A5A77 /* PBXTargetDependency */ = {
			isa = PBXTargetDependency;
			target = 69E2787E2326E9A2004A5A77 /* songLab2 */;
			targetProxy = 69E278942326E9A3004A5A77 /* PBXContainerItemProxy */;
		};
		69E278A02326E9A3004A5A77 /* PBXTargetDependency */ = {
			isa = PBXTargetDependency;
			target = 69E2787E2326E9A2004A5A77 /* songLab2 */;
			targetProxy = 69E2789F2326E9A3004A5A77 /* PBXContainerItemProxy */;
		};
/* End PBXTargetDependency section */

/* Begin PBXVariantGroup section */
		69E278862326E9A2004A5A77 /* Main.storyboard */ = {
			isa = PBXVariantGroup;
			children = (
				69E278872326E9A2004A5A77 /* Base */,
			);
			name = Main.storyboard;
			sourceTree = "<group>";
		};
		69E2788B2326E9A3004A5A77 /* LaunchScreen.storyboard */ = {
			isa = PBXVariantGroup;
			children = (
				69E2788C2326E9A3004A5A77 /* Base */,
			);
			name = LaunchScreen.storyboard;
			sourceTree = "<group>";
		};
/* End PBXVariantGroup section */

/* Begin XCBuildConfiguration section */
		69E278A52326E9A3004A5A77 /* Debug */ = {
			isa = XCBuildConfiguration;
			buildSettings = {
				ALWAYS_SEARCH_USER_PATHS = NO;
				CLANG_ANALYZER_NONNULL = YES;
				CLANG_ANALYZER_NUMBER_OBJECT_CONVERSION = YES_AGGRESSIVE;
				CLANG_CXX_LANGUAGE_STANDARD = "gnu++14";
				CLANG_CXX_LIBRARY = "libc++";
				CLANG_ENABLE_MODULES = YES;
				CLANG_ENABLE_OBJC_ARC = YES;
				CLANG_ENABLE_OBJC_WEAK = YES;
				CLANG_WARN_BLOCK_CAPTURE_AUTORELEASING = YES;
				CLANG_WARN_BOOL_CONVERSION = YES;
				CLANG_WARN_COMMA = YES;
				CLANG_WARN_CONSTANT_CONVERSION = YES;
				CLANG_WARN_DEPRECATED_OBJC_IMPLEMENTATIONS = YES;
				CLANG_WARN_DIRECT_OBJC_ISA_USAGE = YES_ERROR;
				CLANG_WARN_DOCUMENTATION_COMMENTS = YES;
				CLANG_WARN_EMPTY_BODY = YES;
				CLANG_WARN_ENUM_CONVERSION = YES;
				CLANG_WARN_INFINITE_RECURSION = YES;
				CLANG_WARN_INT_CONVERSION = YES;
				CLANG_WARN_NON_LITERAL_NULL_CONVERSION = YES;
				CLANG_WARN_OBJC_IMPLICIT_RETAIN_SELF = YES;
				CLANG_WARN_OBJC_LITERAL_CONVERSION = YES;
				CLANG_WARN_OBJC_ROOT_CLASS = YES_ERROR;
				CLANG_WARN_RANGE_LOOP_ANALYSIS = YES;
				CLANG_WARN_STRICT_PROTOTYPES = YES;
				CLANG_WARN_SUSPICIOUS_MOVE = YES;
				CLANG_WARN_UNGUARDED_AVAILABILITY = YES_AGGRESSIVE;
				CLANG_WARN_UNREACHABLE_CODE = YES;
				CLANG_WARN__DUPLICATE_METHOD_MATCH = YES;
				CODE_SIGN_IDENTITY = "iPhone Developer";
				COPY_PHASE_STRIP = NO;
				DEBUG_INFORMATION_FORMAT = dwarf;
				ENABLE_STRICT_OBJC_MSGSEND = YES;
				ENABLE_TESTABILITY = YES;
				GCC_C_LANGUAGE_STANDARD = gnu11;
				GCC_DYNAMIC_NO_PIC = NO;
				GCC_NO_COMMON_BLOCKS = YES;
				GCC_OPTIMIZATION_LEVEL = 0;
				GCC_PREPROCESSOR_DEFINITIONS = (
					"DEBUG=1",
					"$(inherited)",
				);
				GCC_WARN_64_TO_32_BIT_CONVERSION = YES;
				GCC_WARN_ABOUT_RETURN_TYPE = YES_ERROR;
				GCC_WARN_UNDECLARED_SELECTOR = YES;
				GCC_WARN_UNINITIALIZED_AUTOS = YES_AGGRESSIVE;
				GCC_WARN_UNUSED_FUNCTION = YES;
				GCC_WARN_UNUSED_VARIABLE = YES;
				IPHONEOS_DEPLOYMENT_TARGET = 12.2;
				MTL_ENABLE_DEBUG_INFO = INCLUDE_SOURCE;
				MTL_FAST_MATH = YES;
				ONLY_ACTIVE_ARCH = YES;
				SDKROOT = iphoneos;
				SWIFT_ACTIVE_COMPILATION_CONDITIONS = DEBUG;
				SWIFT_OPTIMIZATION_LEVEL = "-Onone";
			};
			name = Debug;
		};
		69E278A62326E9A3004A5A77 /* Release */ = {
			isa = XCBuildConfiguration;
			buildSettings = {
				ALWAYS_SEARCH_USER_PATHS = NO;
				CLANG_ANALYZER_NONNULL = YES;
				CLANG_ANALYZER_NUMBER_OBJECT_CONVERSION = YES_AGGRESSIVE;
				CLANG_CXX_LANGUAGE_STANDARD = "gnu++14";
				CLANG_CXX_LIBRARY = "libc++";
				CLANG_ENABLE_MODULES = YES;
				CLANG_ENABLE_OBJC_ARC = YES;
				CLANG_ENABLE_OBJC_WEAK = YES;
				CLANG_WARN_BLOCK_CAPTURE_AUTORELEASING = YES;
				CLANG_WARN_BOOL_CONVERSION = YES;
				CLANG_WARN_COMMA = YES;
				CLANG_WARN_CONSTANT_CONVERSION = YES;
				CLANG_WARN_DEPRECATED_OBJC_IMPLEMENTATIONS = YES;
				CLANG_WARN_DIRECT_OBJC_ISA_USAGE = YES_ERROR;
				CLANG_WARN_DOCUMENTATION_COMMENTS = YES;
				CLANG_WARN_EMPTY_BODY = YES;
				CLANG_WARN_ENUM_CONVERSION = YES;
				CLANG_WARN_INFINITE_RECURSION = YES;
				CLANG_WARN_INT_CONVERSION = YES;
				CLANG_WARN_NON_LITERAL_NULL_CONVERSION = YES;
				CLANG_WARN_OBJC_IMPLICIT_RETAIN_SELF = YES;
				CLANG_WARN_OBJC_LITERAL_CONVERSION = YES;
				CLANG_WARN_OBJC_ROOT_CLASS = YES_ERROR;
				CLANG_WARN_RANGE_LOOP_ANALYSIS = YES;
				CLANG_WARN_STRICT_PROTOTYPES = YES;
				CLANG_WARN_SUSPICIOUS_MOVE = YES;
				CLANG_WARN_UNGUARDED_AVAILABILITY = YES_AGGRESSIVE;
				CLANG_WARN_UNREACHABLE_CODE = YES;
				CLANG_WARN__DUPLICATE_METHOD_MATCH = YES;
				CODE_SIGN_IDENTITY = "iPhone Developer";
				COPY_PHASE_STRIP = NO;
				DEBUG_INFORMATION_FORMAT = "dwarf-with-dsym";
				ENABLE_NS_ASSERTIONS = NO;
				ENABLE_STRICT_OBJC_MSGSEND = YES;
				GCC_C_LANGUAGE_STANDARD = gnu11;
				GCC_NO_COMMON_BLOCKS = YES;
				GCC_WARN_64_TO_32_BIT_CONVERSION = YES;
				GCC_WARN_ABOUT_RETURN_TYPE = YES_ERROR;
				GCC_WARN_UNDECLARED_SELECTOR = YES;
				GCC_WARN_UNINITIALIZED_AUTOS = YES_AGGRESSIVE;
				GCC_WARN_UNUSED_FUNCTION = YES;
				GCC_WARN_UNUSED_VARIABLE = YES;
				IPHONEOS_DEPLOYMENT_TARGET = 12.2;
				MTL_ENABLE_DEBUG_INFO = NO;
				MTL_FAST_MATH = YES;
				SDKROOT = iphoneos;
				SWIFT_COMPILATION_MODE = wholemodule;
				SWIFT_OPTIMIZATION_LEVEL = "-O";
				VALIDATE_PRODUCT = YES;
			};
			name = Release;
		};
		69E278A82326E9A3004A5A77 /* Debug */ = {
			isa = XCBuildConfiguration;
			buildSettings = {
				ASSETCATALOG_COMPILER_APPICON_NAME = AppIcon;
				CODE_SIGN_STYLE = Automatic;
				INFOPLIST_FILE = songLab2/Info.plist;
				LD_RUNPATH_SEARCH_PATHS = (
					"$(inherited)",
					"@executable_path/Frameworks",
				);
				PRODUCT_BUNDLE_IDENTIFIER = Pursuit.songLab2;
				PRODUCT_NAME = "$(TARGET_NAME)";
				SWIFT_VERSION = 5.0;
				TARGETED_DEVICE_FAMILY = "1,2";
			};
			name = Debug;
		};
		69E278A92326E9A3004A5A77 /* Release */ = {
			isa = XCBuildConfiguration;
			buildSettings = {
				ASSETCATALOG_COMPILER_APPICON_NAME = AppIcon;
				CODE_SIGN_STYLE = Automatic;
				INFOPLIST_FILE = songLab2/Info.plist;
				LD_RUNPATH_SEARCH_PATHS = (
					"$(inherited)",
					"@executable_path/Frameworks",
				);
				PRODUCT_BUNDLE_IDENTIFIER = Pursuit.songLab2;
				PRODUCT_NAME = "$(TARGET_NAME)";
				SWIFT_VERSION = 5.0;
				TARGETED_DEVICE_FAMILY = "1,2";
			};
			name = Release;
		};
		69E278AB2326E9A3004A5A77 /* Debug */ = {
			isa = XCBuildConfiguration;
			buildSettings = {
				ALWAYS_EMBED_SWIFT_STANDARD_LIBRARIES = YES;
				BUNDLE_LOADER = "$(TEST_HOST)";
				CODE_SIGN_STYLE = Automatic;
				INFOPLIST_FILE = songLab2Tests/Info.plist;
				LD_RUNPATH_SEARCH_PATHS = (
					"$(inherited)",
					"@executable_path/Frameworks",
					"@loader_path/Frameworks",
				);
				PRODUCT_BUNDLE_IDENTIFIER = Pursuit.songLab2Tests;
				PRODUCT_NAME = "$(TARGET_NAME)";
				SWIFT_VERSION = 5.0;
				TARGETED_DEVICE_FAMILY = "1,2";
				TEST_HOST = "$(BUILT_PRODUCTS_DIR)/songLab2.app/songLab2";
			};
			name = Debug;
		};
		69E278AC2326E9A3004A5A77 /* Release */ = {
			isa = XCBuildConfiguration;
			buildSettings = {
				ALWAYS_EMBED_SWIFT_STANDARD_LIBRARIES = YES;
				BUNDLE_LOADER = "$(TEST_HOST)";
				CODE_SIGN_STYLE = Automatic;
				INFOPLIST_FILE = songLab2Tests/Info.plist;
				LD_RUNPATH_SEARCH_PATHS = (
					"$(inherited)",
					"@executable_path/Frameworks",
					"@loader_path/Frameworks",
				);
				PRODUCT_BUNDLE_IDENTIFIER = Pursuit.songLab2Tests;
				PRODUCT_NAME = "$(TARGET_NAME)";
				SWIFT_VERSION = 5.0;
				TARGETED_DEVICE_FAMILY = "1,2";
				TEST_HOST = "$(BUILT_PRODUCTS_DIR)/songLab2.app/songLab2";
			};
			name = Release;
		};
		69E278AE2326E9A3004A5A77 /* Debug */ = {
			isa = XCBuildConfiguration;
			buildSettings = {
				ALWAYS_EMBED_SWIFT_STANDARD_LIBRARIES = YES;
				CODE_SIGN_STYLE = Automatic;
				INFOPLIST_FILE = songLab2UITests/Info.plist;
				LD_RUNPATH_SEARCH_PATHS = (
					"$(inherited)",
					"@executable_path/Frameworks",
					"@loader_path/Frameworks",
				);
				PRODUCT_BUNDLE_IDENTIFIER = Pursuit.songLab2UITests;
				PRODUCT_NAME = "$(TARGET_NAME)";
				SWIFT_VERSION = 5.0;
				TARGETED_DEVICE_FAMILY = "1,2";
				TEST_TARGET_NAME = songLab2;
			};
			name = Debug;
		};
		69E278AF2326E9A3004A5A77 /* Release */ = {
			isa = XCBuildConfiguration;
			buildSettings = {
				ALWAYS_EMBED_SWIFT_STANDARD_LIBRARIES = YES;
				CODE_SIGN_STYLE = Automatic;
				INFOPLIST_FILE = songLab2UITests/Info.plist;
				LD_RUNPATH_SEARCH_PATHS = (
					"$(inherited)",
					"@executable_path/Frameworks",
					"@loader_path/Frameworks",
				);
				PRODUCT_BUNDLE_IDENTIFIER = Pursuit.songLab2UITests;
				PRODUCT_NAME = "$(TARGET_NAME)";
				SWIFT_VERSION = 5.0;
				TARGETED_DEVICE_FAMILY = "1,2";
				TEST_TARGET_NAME = songLab2;
			};
			name = Release;
		};
/* End XCBuildConfiguration section */

/* Begin XCConfigurationList section */
		69E2787A2326E9A2004A5A77 /* Build configuration list for PBXProject "songLab2" */ = {
			isa = XCConfigurationList;
			buildConfigurations = (
				69E278A52326E9A3004A5A77 /* Debug */,
				69E278A62326E9A3004A5A77 /* Release */,
			);
			defaultConfigurationIsVisible = 0;
			defaultConfigurationName = Release;
		};
		69E278A72326E9A3004A5A77 /* Build configuration list for PBXNativeTarget "songLab2" */ = {
			isa = XCConfigurationList;
			buildConfigurations = (
				69E278A82326E9A3004A5A77 /* Debug */,
				69E278A92326E9A3004A5A77 /* Release */,
			);
			defaultConfigurationIsVisible = 0;
			defaultConfigurationName = Release;
		};
		69E278AA2326E9A3004A5A77 /* Build configuration list for PBXNativeTarget "songLab2Tests" */ = {
			isa = XCConfigurationList;
			buildConfigurations = (
				69E278AB2326E9A3004A5A77 /* Debug */,
				69E278AC2326E9A3004A5A77 /* Release */,
			);
			defaultConfigurationIsVisible = 0;
			defaultConfigurationName = Release;
		};
		69E278AD2326E9A3004A5A77 /* Build configuration list for PBXNativeTarget "songLab2UITests" */ = {
			isa = XCConfigurationList;
			buildConfigurations = (
				69E278AE2326E9A3004A5A77 /* Debug */,
				69E278AF2326E9A3004A5A77 /* Release */,
			);
			defaultConfigurationIsVisible = 0;
			defaultConfigurationName = Release;
		};
/* End XCConfigurationList section */
	};
	rootObject = 69E278772326E9A2004A5A77 /* Project object */;
}
